
Microsoft Visual Studio Solution File, Format Version 12.00
# Visual Studio 14
VisualStudioVersion = 14.0.25420.1
MinimumVisualStudioVersion = 10.0.40219.1
Project("{FAE04EC0-301F-11D3-BF4B-00C04F79EFBC}") = "GPF", "GPF\GPF.csproj", "{BCB85D25-95F4-4B7C-A23B-74ED07C149CF}"
EndProject
Project("{FAE04EC0-301F-11D3-BF4B-00C04F79EFBC}") = "GPREPO", "GPREPO\GPREPO.csproj", "{1328CA5D-CE8A-4327-9CA4-15C2F9C38301}"
EndProject
Global
	GlobalSection(SolutionConfigurationPlatforms) = preSolution
		Debug|Any CPU = Debug|Any CPU
		Release|Any CPU = Release|Any CPU
	EndGlobalSection
	GlobalSection(ProjectConfigurationPlatforms) = postSolution
		{BCB85D25-95F4-4B7C-A23B-74ED07C149CF}.Debug|Any CPU.ActiveCfg = Debug|Any CPU
		{BCB85D25-95F4-4B7C-A23B-74ED07C149CF}.Debug|Any CPU.Build.0 = Debug|Any CPU
		{BCB85D25-95F4-4B7C-A23B-74ED07C149CF}.Release|Any CPU.ActiveCfg = Release|Any CPU
		{BCB85D25-95F4-4B7C-A23B-74ED07C149CF}.Release|Any CPU.Build.0 = Release|Any CPU
		{1328CA5D-CE8A-4327-9CA4-15C2F9C38301}.Debug|Any CPU.ActiveCfg = Debug|Any CPU
		{1328CA5D-CE8A-4327-9CA4-15C2F9C38301}.Debug|Any CPU.Build.0 = Debug|Any CPU
		{1328CA5D-CE8A-4327-9CA4-15C2F9C38301}.Release|Any CPU.ActiveCfg = Release|Any CPU
		{1328CA5D-CE8A-4327-9CA4-15C2F9C38301}.Release|Any CPU.Build.0 = Release|Any CPU
	EndGlobalSection
	GlobalSection(SolutionProperties) = preSolution
		HideSolutionNode = FALSE
	EndGlobalSection
EndGlobal
